
Microsoft Visual Studio Solution File, Format Version 12.00
# Visual Studio Version 17
VisualStudioVersion = 17.4.33122.133
MinimumVisualStudioVersion = 10.0.40219.1
Project("{FAE04EC0-301F-11D3-BF4B-00C04F79EFBC}") = "Desafio CSharp - Análise de Números", "Desafio CSharp - Análise de Números\Desafio CSharp - Análise de Números.csproj", "{7AD7C847-5BDC-443B-8761-5457CE4326CE}"
EndProject
Global
	GlobalSection(SolutionConfigurationPlatforms) = preSolution
		Debug|Any CPU = Debug|Any CPU
		Release|Any CPU = Release|Any CPU
	EndGlobalSection
	GlobalSection(ProjectConfigurationPlatforms) = postSolution
		{7AD7C847-5BDC-443B-8761-5457CE4326CE}.Debug|Any CPU.ActiveCfg = Debug|Any CPU
		{7AD7C847-5BDC-443B-8761-5457CE4326CE}.Debug|Any CPU.Build.0 = Debug|Any CPU
		{7AD7C847-5BDC-443B-8761-5457CE4326CE}.Release|Any CPU.ActiveCfg = Release|Any CPU
		{7AD7C847-5BDC-443B-8761-5457CE4326CE}.Release|Any CPU.Build.0 = Release|Any CPU
	EndGlobalSection
	GlobalSection(SolutionProperties) = preSolution
		HideSolutionNode = FALSE
	EndGlobalSection
	GlobalSection(ExtensibilityGlobals) = postSolution
		SolutionGuid = {E7B206F5-F136-475F-A9CD-A7B853A3BF60}
	EndGlobalSection
EndGlobal
